apiVersion: intent.security.nimbus.com/v1
kind: SecurityIntentBinding
metadata:
  name: sys-proc-path-sleep-block
  namespace: multiubuntu
spec:
  intents:
    - name: group-1-proc-path-sleep-block
  selector:
      any:
        - resources:
            kind: Pod
            namespace: multiubuntu
            matchLabels:
              group: group-1