# SPDX-License-Identifier: Apache-2.0
# Copyright 2023 Authors of Nimbus

apiVersion: security.kubearmor.com/v1
kind: KubeArmorPolicy
metadata:
  name: ksp-ubuntu-1-proc-dir-block
  namespace: multiubuntu
spec:
  selector:
    matchLabels:
      container: ubuntu-1
  process:
    matchDirectories:
    - dir: /sbin/
  action:
    Block